{
  "object": {
    "pins": [
      {
        "package": "SwiftUICharts",
        "repositoryURL": "https://github.com/Gabiik96/ChartAPI.git",
        "state": {
          "branch": null,
          "revision": "adfb74529423b00a7b95a5d1b81ec3c732fe84f7",
          "version": null
        }
      }
    ]
  },
  "version": 1
}
