{
  "object": {
    "pins": [
      {
        "package": "SwiftUICharts",
        "repositoryURL": "https://github.com/Gabiik96/ChartAPI.git",
        "state": {
          "branch": null,
          "revision": "c51eaaa6352cce9fe5a2d54449d7bbc4de3c1ddf",
          "version": null
        }
      },
      {
        "package": "Lottie",
        "repositoryURL": "https://github.com/airbnb/lottie-ios.git",
        "state": {
          "branch": null,
          "revision": "4e5877425dae5c10792fc9d22d53dc6bf6824dc1",
          "version": "3.1.8"
        }
      }
    ]
  },
  "version": 1
}
